
Microsoft Visual Studio Solution File, Format Version 11.00
# Visual C# Express 2010
Project("{FAE04EC0-301F-11D3-BF4B-00C04F79EFBC}") = "Nano Commander", "Nano Commander\Nano Commander\Nano Commander.csproj", "{65A21E26-BCB5-453C-A6E9-EDD7EC4C194A}"
EndProject
Project("{FAE04EC0-301F-11D3-BF4B-00C04F79EFBC}") = "Nano CommanderContent", "Nano Commander\Nano CommanderContent\Nano CommanderContent.contentproj", "{76FE0C87-4403-4D67-A5D4-30B678CEAA39}"
EndProject
Global
	GlobalSection(SolutionConfigurationPlatforms) = preSolution
		Debug|x86 = Debug|x86
		Release|x86 = Release|x86
	EndGlobalSection
	GlobalSection(ProjectConfigurationPlatforms) = postSolution
		{65A21E26-BCB5-453C-A6E9-EDD7EC4C194A}.Debug|x86.ActiveCfg = Debug|x86
		{65A21E26-BCB5-453C-A6E9-EDD7EC4C194A}.Debug|x86.Build.0 = Debug|x86
		{65A21E26-BCB5-453C-A6E9-EDD7EC4C194A}.Release|x86.ActiveCfg = Release|x86
		{65A21E26-BCB5-453C-A6E9-EDD7EC4C194A}.Release|x86.Build.0 = Release|x86
		{76FE0C87-4403-4D67-A5D4-30B678CEAA39}.Debug|x86.ActiveCfg = Debug|x86
		{76FE0C87-4403-4D67-A5D4-30B678CEAA39}.Release|x86.ActiveCfg = Release|x86
	EndGlobalSection
	GlobalSection(SolutionProperties) = preSolution
		HideSolutionNode = FALSE
	EndGlobalSection
EndGlobal
